<?xml version="1.0" encoding="utf-8"?>
<Project ToolsVersion="12.0" xmlns="http://schemas.microsoft.com/developer/msbuild/2003">
  <ItemGroup>
    <ClCompile Include="$(MSBuildThisFileDirectory)..\..\..\..\lib\vorbisfile.c" />
  </ItemGroup>
  <ItemGroup>
    <ClInclude Include="$(MSBuildThisFileDirectory)..\..\..\..\include\vorbis\vorbisfile.h" />
  </ItemGroup>
  <ItemGroup>
    <None Include="$(MSBuildThisFileDirectory)..\..\..\vorbisfile.def" />
  </ItemGroup>
</Project>