<?xml version="1.0" encoding="utf-8"?>
<Project ToolsVersion="12.0" xmlns="http://schemas.microsoft.com/developer/msbuild/2003">
  <ItemGroup>
    <ClInclude Include="$(MSBuildThisFileDirectory)..\..\..\..\include\ogg\ogg.h" />
    <ClInclude Include="$(MSBuildThisFileDirectory)..\..\..\..\include\ogg\os_types.h" />
  </ItemGroup>
  <ItemGroup>
    <ClCompile Include="$(MSBuildThisFileDirectory)..\..\..\..\src\bitwise.c" />
    <ClCompile Include="$(MSBuildThisFileDirectory)..\..\..\..\src\framing.c" />
  </ItemGroup>
  <ItemGroup>
    <None Include="$(MSBuildThisFileDirectory)..\..\..\ogg.def" />
  </ItemGroup>
</Project>