
Microsoft Visual Studio Solution File, Format Version 12.00
# Visual Studio 14
VisualStudioVersion = 14.0.22823.1
MinimumVisualStudioVersion = 10.0.40219.1
Project("{8BC9CEB8-8B4A-11D0-8D11-00A0C91BC942}") = "libogg-win10-universal", "libogg-win10-universal\libogg-win10-universal.vcxproj", "{EFC56075-DE7F-4025-A94A-9EBF386D0112}"
EndProject
Global
	GlobalSection(SolutionConfigurationPlatforms) = preSolution
		Debug|ARM = Debug|ARM
		Debug|x64 = Debug|x64
		Debug|x86 = Debug|x86
		Release|ARM = Release|ARM
		Release|x64 = Release|x64
		Release|x86 = Release|x86
	EndGlobalSection
	GlobalSection(ProjectConfigurationPlatforms) = postSolution
		{EFC56075-DE7F-4025-A94A-9EBF386D0112}.Debug|ARM.ActiveCfg = Debug|ARM
		{EFC56075-DE7F-4025-A94A-9EBF386D0112}.Debug|ARM.Build.0 = Debug|ARM
		{EFC56075-DE7F-4025-A94A-9EBF386D0112}.Debug|x64.ActiveCfg = Debug|x64
		{EFC56075-DE7F-4025-A94A-9EBF386D0112}.Debug|x64.Build.0 = Debug|x64
		{EFC56075-DE7F-4025-A94A-9EBF386D0112}.Debug|x86.ActiveCfg = Debug|Win32
		{EFC56075-DE7F-4025-A94A-9EBF386D0112}.Debug|x86.Build.0 = Debug|Win32
		{EFC56075-DE7F-4025-A94A-9EBF386D0112}.Release|ARM.ActiveCfg = Release|ARM
		{EFC56075-DE7F-4025-A94A-9EBF386D0112}.Release|ARM.Build.0 = Release|ARM
		{EFC56075-DE7F-4025-A94A-9EBF386D0112}.Release|x64.ActiveCfg = Release|x64
		{EFC56075-DE7F-4025-A94A-9EBF386D0112}.Release|x64.Build.0 = Release|x64
		{EFC56075-DE7F-4025-A94A-9EBF386D0112}.Release|x86.ActiveCfg = Release|Win32
		{EFC56075-DE7F-4025-A94A-9EBF386D0112}.Release|x86.Build.0 = Release|Win32
	EndGlobalSection
	GlobalSection(SolutionProperties) = preSolution
		HideSolutionNode = FALSE
	EndGlobalSection
EndGlobal
